{
  "requires": true,
  "lockfileVersion": 1,
  "dependencies": {
    "acorn": {
      "version": "7.1.0",
      "resolved": "https://registry.npmjs.org/acorn/-/acorn-7.1.0.tgz",
      "integrity": "sha512-kL5CuoXA/dgxlBbVrflsflzQ3PAas7RYZB52NOm/6839iVYJgKMJ3cQJD+t2i5+qFa8h3MDpEOJiS64E8JLnSQ=="
    },
    "espurify": {
      "version": "2.0.1",
      "resolved": "https://registry.npmjs.org/espurify/-/espurify-2.0.1.tgz",
      "integrity": "sha512-7w/dUrReI/QbJFHRwfomTlkQOXaB1NuCrBRn5Y26HXn5gvh18/19AgLbayVrNxXQfkckvgrJloWyvZDuJ7dhEA=="
    }
  }
}
